
Microsoft Visual Studio Solution File, Format Version 12.00
# Visual Studio 2012
Project("{FAE04EC0-301F-11D3-BF4B-00C04F79EFBC}") = "ChaYeFeng", "ChaYeFeng\ChaYeFeng.csproj", "{635E1880-C1A2-4FFF-881C-677D704F5C15}"
EndProject
Project("{FAE04EC0-301F-11D3-BF4B-00C04F79EFBC}") = "TestFrm", "TestFrm\TestFrm.csproj", "{E114D72A-5DD1-418F-96E5-4D6D6EA39333}"
EndProject
Project("{FAE04EC0-301F-11D3-BF4B-00C04F79EFBC}") = "TestMEF", "TestMEF\TestMEF.csproj", "{C9814D99-7B57-405C-8015-A6C709A720DF}"
EndProject
Project("{FAE04EC0-301F-11D3-BF4B-00C04F79EFBC}") = "TestMEFInterface", "TestMEFInterface\TestMEFInterface.csproj", "{5B2FF275-50ED-4206-9ECD-6F6FCAD695C4}"
EndProject
Project("{FAE04EC0-301F-11D3-BF4B-00C04F79EFBC}") = "WSTest", "WSTest\WSTest.csproj", "{2A2995F7-BD1A-481C-AE3B-EFE3D9BE8034}"
EndProject
Project("{FAE04EC0-301F-11D3-BF4B-00C04F79EFBC}") = "ConsoleTest", "ConsoleTest\ConsoleTest.csproj", "{241D55FD-1162-455B-879C-B8788996062B}"
EndProject
Project("{FAE04EC0-301F-11D3-BF4B-00C04F79EFBC}") = "TcpServerDemo", "TCPServerDemo\TcpServerDemo.csproj", "{6FE92663-4397-4366-8F3E-4C7B1CF2438B}"
EndProject
Project("{FAE04EC0-301F-11D3-BF4B-00C04F79EFBC}") = "SocketWebServer", "SocketWebServer\SocketWebServer.csproj", "{F0FE8420-E60B-489E-A3AC-96313EF47507}"
EndProject
Project("{2150E333-8FDC-42A3-9474-1A3956D46DE8}") = "WebProject", "WebProject", "{8E1936F7-49BC-4E6E-8363-593EECC36418}"
EndProject
Project("{FAE04EC0-301F-11D3-BF4B-00C04F79EFBC}") = "TCPWebServer", "TCPWebServer\TCPWebServer.csproj", "{89F40BE2-33DE-4DCC-AB06-11432D87B977}"
EndProject
Project("{FAE04EC0-301F-11D3-BF4B-00C04F79EFBC}") = "CustomBrowser", "CustomBrowser\CustomBrowser.csproj", "{4BFDA328-EBE5-4752-AACF-8DF6890AB84E}"
EndProject
Project("{FAE04EC0-301F-11D3-BF4B-00C04F79EFBC}") = "FtpClientDemo", "FtpClientDemo\FtpClientDemo.csproj", "{94708014-3A2B-4F75-982A-642984835C4B}"
EndProject
Project("{FAE04EC0-301F-11D3-BF4B-00C04F79EFBC}") = "TcpClientDemo", "TcpClientDemo\TcpClientDemo.csproj", "{38026A31-7639-46B2-AF81-0E4D9759CBC7}"
EndProject
Project("{FAE04EC0-301F-11D3-BF4B-00C04F79EFBC}") = "UdpServerDemo", "UdpServerDemo\UdpServerDemo.csproj", "{F745CFC3-B701-49B0-9950-5DBBE4DBE990}"
EndProject
Project("{FAE04EC0-301F-11D3-BF4B-00C04F79EFBC}") = "UdpClientDemo", "UdpClientDemo\UdpClientDemo.csproj", "{08C32E6E-4DFA-4940-B637-E532E0A43557}"
EndProject
Global
	GlobalSection(SolutionConfigurationPlatforms) = preSolution
		Debug|Any CPU = Debug|Any CPU
		Release|Any CPU = Release|Any CPU
	EndGlobalSection
	GlobalSection(ProjectConfigurationPlatforms) = postSolution
		{635E1880-C1A2-4FFF-881C-677D704F5C15}.Debug|Any CPU.ActiveCfg = Debug|Any CPU
		{635E1880-C1A2-4FFF-881C-677D704F5C15}.Debug|Any CPU.Build.0 = Debug|Any CPU
		{635E1880-C1A2-4FFF-881C-677D704F5C15}.Release|Any CPU.ActiveCfg = Release|Any CPU
		{635E1880-C1A2-4FFF-881C-677D704F5C15}.Release|Any CPU.Build.0 = Release|Any CPU
		{E114D72A-5DD1-418F-96E5-4D6D6EA39333}.Debug|Any CPU.ActiveCfg = Debug|Any CPU
		{E114D72A-5DD1-418F-96E5-4D6D6EA39333}.Debug|Any CPU.Build.0 = Debug|Any CPU
		{E114D72A-5DD1-418F-96E5-4D6D6EA39333}.Release|Any CPU.ActiveCfg = Release|Any CPU
		{E114D72A-5DD1-418F-96E5-4D6D6EA39333}.Release|Any CPU.Build.0 = Release|Any CPU
		{C9814D99-7B57-405C-8015-A6C709A720DF}.Debug|Any CPU.ActiveCfg = Debug|Any CPU
		{C9814D99-7B57-405C-8015-A6C709A720DF}.Debug|Any CPU.Build.0 = Debug|Any CPU
		{C9814D99-7B57-405C-8015-A6C709A720DF}.Release|Any CPU.ActiveCfg = Release|Any CPU
		{C9814D99-7B57-405C-8015-A6C709A720DF}.Release|Any CPU.Build.0 = Release|Any CPU
		{5B2FF275-50ED-4206-9ECD-6F6FCAD695C4}.Debug|Any CPU.ActiveCfg = Debug|Any CPU
		{5B2FF275-50ED-4206-9ECD-6F6FCAD695C4}.Debug|Any CPU.Build.0 = Debug|Any CPU
		{5B2FF275-50ED-4206-9ECD-6F6FCAD695C4}.Release|Any CPU.ActiveCfg = Release|Any CPU
		{5B2FF275-50ED-4206-9ECD-6F6FCAD695C4}.Release|Any CPU.Build.0 = Release|Any CPU
		{2A2995F7-BD1A-481C-AE3B-EFE3D9BE8034}.Debug|Any CPU.ActiveCfg = Debug|Any CPU
		{2A2995F7-BD1A-481C-AE3B-EFE3D9BE8034}.Debug|Any CPU.Build.0 = Debug|Any CPU
		{2A2995F7-BD1A-481C-AE3B-EFE3D9BE8034}.Release|Any CPU.ActiveCfg = Release|Any CPU
		{2A2995F7-BD1A-481C-AE3B-EFE3D9BE8034}.Release|Any CPU.Build.0 = Release|Any CPU
		{241D55FD-1162-455B-879C-B8788996062B}.Debug|Any CPU.ActiveCfg = Debug|Any CPU
		{241D55FD-1162-455B-879C-B8788996062B}.Debug|Any CPU.Build.0 = Debug|Any CPU
		{241D55FD-1162-455B-879C-B8788996062B}.Release|Any CPU.ActiveCfg = Release|Any CPU
		{241D55FD-1162-455B-879C-B8788996062B}.Release|Any CPU.Build.0 = Release|Any CPU
		{6FE92663-4397-4366-8F3E-4C7B1CF2438B}.Debug|Any CPU.ActiveCfg = Debug|Any CPU
		{6FE92663-4397-4366-8F3E-4C7B1CF2438B}.Debug|Any CPU.Build.0 = Debug|Any CPU
		{6FE92663-4397-4366-8F3E-4C7B1CF2438B}.Release|Any CPU.ActiveCfg = Release|Any CPU
		{6FE92663-4397-4366-8F3E-4C7B1CF2438B}.Release|Any CPU.Build.0 = Release|Any CPU
		{F0FE8420-E60B-489E-A3AC-96313EF47507}.Debug|Any CPU.ActiveCfg = Debug|Any CPU
		{F0FE8420-E60B-489E-A3AC-96313EF47507}.Debug|Any CPU.Build.0 = Debug|Any CPU
		{F0FE8420-E60B-489E-A3AC-96313EF47507}.Release|Any CPU.ActiveCfg = Release|Any CPU
		{F0FE8420-E60B-489E-A3AC-96313EF47507}.Release|Any CPU.Build.0 = Release|Any CPU
		{89F40BE2-33DE-4DCC-AB06-11432D87B977}.Debug|Any CPU.ActiveCfg = Debug|Any CPU
		{89F40BE2-33DE-4DCC-AB06-11432D87B977}.Debug|Any CPU.Build.0 = Debug|Any CPU
		{89F40BE2-33DE-4DCC-AB06-11432D87B977}.Release|Any CPU.ActiveCfg = Release|Any CPU
		{89F40BE2-33DE-4DCC-AB06-11432D87B977}.Release|Any CPU.Build.0 = Release|Any CPU
		{4BFDA328-EBE5-4752-AACF-8DF6890AB84E}.Debug|Any CPU.ActiveCfg = Debug|Any CPU
		{4BFDA328-EBE5-4752-AACF-8DF6890AB84E}.Debug|Any CPU.Build.0 = Debug|Any CPU
		{4BFDA328-EBE5-4752-AACF-8DF6890AB84E}.Release|Any CPU.ActiveCfg = Release|Any CPU
		{4BFDA328-EBE5-4752-AACF-8DF6890AB84E}.Release|Any CPU.Build.0 = Release|Any CPU
		{94708014-3A2B-4F75-982A-642984835C4B}.Debug|Any CPU.ActiveCfg = Debug|Any CPU
		{94708014-3A2B-4F75-982A-642984835C4B}.Debug|Any CPU.Build.0 = Debug|Any CPU
		{94708014-3A2B-4F75-982A-642984835C4B}.Release|Any CPU.ActiveCfg = Release|Any CPU
		{94708014-3A2B-4F75-982A-642984835C4B}.Release|Any CPU.Build.0 = Release|Any CPU
		{38026A31-7639-46B2-AF81-0E4D9759CBC7}.Debug|Any CPU.ActiveCfg = Debug|Any CPU
		{38026A31-7639-46B2-AF81-0E4D9759CBC7}.Debug|Any CPU.Build.0 = Debug|Any CPU
		{38026A31-7639-46B2-AF81-0E4D9759CBC7}.Release|Any CPU.ActiveCfg = Release|Any CPU
		{38026A31-7639-46B2-AF81-0E4D9759CBC7}.Release|Any CPU.Build.0 = Release|Any CPU
		{F745CFC3-B701-49B0-9950-5DBBE4DBE990}.Debug|Any CPU.ActiveCfg = Debug|Any CPU
		{F745CFC3-B701-49B0-9950-5DBBE4DBE990}.Debug|Any CPU.Build.0 = Debug|Any CPU
		{F745CFC3-B701-49B0-9950-5DBBE4DBE990}.Release|Any CPU.ActiveCfg = Release|Any CPU
		{F745CFC3-B701-49B0-9950-5DBBE4DBE990}.Release|Any CPU.Build.0 = Release|Any CPU
		{08C32E6E-4DFA-4940-B637-E532E0A43557}.Debug|Any CPU.ActiveCfg = Debug|Any CPU
		{08C32E6E-4DFA-4940-B637-E532E0A43557}.Debug|Any CPU.Build.0 = Debug|Any CPU
		{08C32E6E-4DFA-4940-B637-E532E0A43557}.Release|Any CPU.ActiveCfg = Release|Any CPU
		{08C32E6E-4DFA-4940-B637-E532E0A43557}.Release|Any CPU.Build.0 = Release|Any CPU
	EndGlobalSection
	GlobalSection(SolutionProperties) = preSolution
		HideSolutionNode = FALSE
	EndGlobalSection
	GlobalSection(NestedProjects) = preSolution
		{F0FE8420-E60B-489E-A3AC-96313EF47507} = {8E1936F7-49BC-4E6E-8363-593EECC36418}
		{6FE92663-4397-4366-8F3E-4C7B1CF2438B} = {8E1936F7-49BC-4E6E-8363-593EECC36418}
		{89F40BE2-33DE-4DCC-AB06-11432D87B977} = {8E1936F7-49BC-4E6E-8363-593EECC36418}
		{4BFDA328-EBE5-4752-AACF-8DF6890AB84E} = {8E1936F7-49BC-4E6E-8363-593EECC36418}
		{94708014-3A2B-4F75-982A-642984835C4B} = {8E1936F7-49BC-4E6E-8363-593EECC36418}
		{38026A31-7639-46B2-AF81-0E4D9759CBC7} = {8E1936F7-49BC-4E6E-8363-593EECC36418}
		{F745CFC3-B701-49B0-9950-5DBBE4DBE990} = {8E1936F7-49BC-4E6E-8363-593EECC36418}
		{08C32E6E-4DFA-4940-B637-E532E0A43557} = {8E1936F7-49BC-4E6E-8363-593EECC36418}
	EndGlobalSection
EndGlobal
